
Microsoft Visual Studio Solution File, Format Version 12.00
# Visual Studio Version 17
VisualStudioVersion = 17.8.34525.116
MinimumVisualStudioVersion = 10.0.40219.1
Project("{8BC9CEB8-8B4A-11D0-8D11-00A0C91BC942}") = "SeaBattle", "SeaBattle\SeaBattle.vcxproj", "{EA0E1711-3733-4EA5-808B-6CF080886C90}"
EndProject
Global
	GlobalSection(SolutionConfigurationPlatforms) = preSolution
		Debug|x64 = Debug|x64
		Debug|x86 = Debug|x86
		Release|x64 = Release|x64
		Release|x86 = Release|x86
	EndGlobalSection
	GlobalSection(ProjectConfigurationPlatforms) = postSolution
		{EA0E1711-3733-4EA5-808B-6CF080886C90}.Debug|x64.ActiveCfg = Debug|x64
		{EA0E1711-3733-4EA5-808B-6CF080886C90}.Debug|x64.Build.0 = Debug|x64
		{EA0E1711-3733-4EA5-808B-6CF080886C90}.Debug|x86.ActiveCfg = Debug|Win32
		{EA0E1711-3733-4EA5-808B-6CF080886C90}.Debug|x86.Build.0 = Debug|Win32
		{EA0E1711-3733-4EA5-808B-6CF080886C90}.Release|x64.ActiveCfg = Release|x64
		{EA0E1711-3733-4EA5-808B-6CF080886C90}.Release|x64.Build.0 = Release|x64
		{EA0E1711-3733-4EA5-808B-6CF080886C90}.Release|x86.ActiveCfg = Release|Win32
		{EA0E1711-3733-4EA5-808B-6CF080886C90}.Release|x86.Build.0 = Release|Win32
	EndGlobalSection
	GlobalSection(SolutionProperties) = preSolution
		HideSolutionNode = FALSE
	EndGlobalSection
	GlobalSection(ExtensibilityGlobals) = postSolution
		SolutionGuid = {04C17432-98AD-456C-9F2A-D32945B63176}
	EndGlobalSection
EndGlobal
